
Microsoft Visual Studio Solution File, Format Version 12.00
# Visual Studio 15
VisualStudioVersion = 15.0.28010.2036
MinimumVisualStudioVersion = 10.0.40219.1
Project("{FAE04EC0-301F-11D3-BF4B-00C04F79EFBC}") = "WebApplication1", "WebApplication1\WebApplication1.csproj", "{784FE7DF-023A-476A-93C6-A546C7203C56}"
EndProject
Project("{FAE04EC0-301F-11D3-BF4B-00C04F79EFBC}") = "WebApplication1.Tests", "WebApplication1.Tests\WebApplication1.Tests.csproj", "{E846B412-585A-4107-98F1-F59671101A62}"
EndProject
Global
	GlobalSection(SolutionConfigurationPlatforms) = preSolution
		Debug|Any CPU = Debug|Any CPU
		Release|Any CPU = Release|Any CPU
	EndGlobalSection
	GlobalSection(ProjectConfigurationPlatforms) = postSolution
		{784FE7DF-023A-476A-93C6-A546C7203C56}.Debug|Any CPU.ActiveCfg = Debug|Any CPU
		{784FE7DF-023A-476A-93C6-A546C7203C56}.Debug|Any CPU.Build.0 = Debug|Any CPU
		{784FE7DF-023A-476A-93C6-A546C7203C56}.Release|Any CPU.ActiveCfg = Release|Any CPU
		{784FE7DF-023A-476A-93C6-A546C7203C56}.Release|Any CPU.Build.0 = Release|Any CPU
		{E846B412-585A-4107-98F1-F59671101A62}.Debug|Any CPU.ActiveCfg = Debug|Any CPU
		{E846B412-585A-4107-98F1-F59671101A62}.Debug|Any CPU.Build.0 = Debug|Any CPU
		{E846B412-585A-4107-98F1-F59671101A62}.Release|Any CPU.ActiveCfg = Release|Any CPU
		{E846B412-585A-4107-98F1-F59671101A62}.Release|Any CPU.Build.0 = Release|Any CPU
	EndGlobalSection
	GlobalSection(SolutionProperties) = preSolution
		HideSolutionNode = FALSE
	EndGlobalSection
	GlobalSection(ExtensibilityGlobals) = postSolution
		SolutionGuid = {E75387BD-D824-4569-8B7C-0E29CB6C887E}
	EndGlobalSection
EndGlobal
